{
    "_readme": [
        "This file locks the dependencies of your project to a known state",
        "Read more about it at https://getcomposer.org/doc/01-basic-usage.md#composer-lock-the-lock-file",
        "This file is @generated automatically"
    ],
    "hash": "49a942e4902a19c3da70eae523d97e84",
    "content-hash": "f9cf830444e0294bdec42d6a5beabd0b",
    "packages": [
        {
            "name": "barnabywalters/mf-cleaner",
            "version": "v0.1.4",
            "source": {
                "type": "git",
                "url": "https://github.com/barnabywalters/php-mf-cleaner.git",
                "reference": "ef6a16628db6e8aee2b4f8bb8093d18c24b74cd4"
            },
            "dist": {
                "type": "zip",
                "url": "https://api.github.com/repos/barnabywalters/php-mf-cleaner/zipball/ef6a16628db6e8aee2b4f8bb8093d18c24b74cd4",
                "reference": "ef6a16628db6e8aee2b4f8bb8093d18c24b74cd4",
                "shasum": ""
            },
            "require-dev": {
                "php": ">=5.3",
                "phpunit/phpunit": "*"
            },
            "suggest": {
                "mf2/mf2": "To parse microformats2 structures from (X)HTML"
            },
            "type": "library",
            "autoload": {
                "files": [
                    "src/BarnabyWalters/Mf2/Functions.php"
                ]
            },
            "notification-url": "https://packagist.org/downloads/",
            "license": [
                "MIT"
            ],
            "authors": [
                {
                    "name": "Barnaby Walters",
                    "email": "barnaby@waterpigs.co.uk"
                }
            ],
            "description": "Cleans up microformats2 array structures",
            "time": "2014-10-06 23:11:15"
        },
        {
            "name": "stil/curl-easy",
            "version": "v1.1.4",
            "source": {
                "type": "git",
                "url": "https://github.com/stil/curl-easy.git",
                "reference": "ba687e10bb78da7ca61edf1dac814e3bbdb38265"
            },
            "dist": {
                "type": "zip",
                "url": "https://api.github.com/repos/stil/curl-easy/zipball/ba687e10bb78da7ca61edf1dac814e3bbdb38265",
                "reference": "ba687e10bb78da7ca61edf1dac814e3bbdb38265",
                "shasum": ""
            },
            "require": {
                "symfony/event-dispatcher": "~2.2"
            },
            "require-dev": {
                "phpunit/phpunit": "3.7.*"
            },
            "type": "library",
            "autoload": {
                "psr-0": {
                    "cURL": "src/",
                    "cURL\\Tests": "tests/"
                }
            },
            "notification-url": "https://packagist.org/downloads/",
            "license": [
                "MIT"
            ],
            "description": "cURL wrapper for PHP. Supports parallel and non-blocking requests. For high speed crawling, see stil/curl-robot.",
            "time": "2015-02-28 13:35:49"
        },
        {
            "name": "symfony/event-dispatcher",
            "version": "v2.8.3",
            "source": {
                "type": "git",
                "url": "https://github.com/symfony/event-dispatcher.git",
                "reference": "78c468665c9568c3faaa9c416a7134308f2d85c3"
            },
            "dist": {
                "type": "zip",
                "url": "https://api.github.com/repos/symfony/event-dispatcher/zipball/78c468665c9568c3faaa9c416a7134308f2d85c3",
                "reference": "78c468665c9568c3faaa9c416a7134308f2d85c3",
                "shasum": ""
            },
            "require": {
                "php": ">=5.3.9"
            },
            "require-dev": {
                "psr/log": "~1.0",
                "symfony/config": "~2.0,>=2.0.5|~3.0.0",
                "symfony/dependency-injection": "~2.6|~3.0.0",
                "symfony/expression-language": "~2.6|~3.0.0",
                "symfony/stopwatch": "~2.3|~3.0.0"
            },
            "suggest": {
                "symfony/dependency-injection": "",
                "symfony/http-kernel": ""
            },
            "type": "library",
            "extra": {
                "branch-alias": {
                    "dev-master": "2.8-dev"
                }
            },
            "autoload": {
                "psr-4": {
                    "Symfony\\Component\\EventDispatcher\\": ""
                },
                "exclude-from-classmap": [
                    "/Tests/"
                ]
            },
            "notification-url": "https://packagist.org/downloads/",
            "license": [
                "MIT"
            ],
            "authors": [
                {
                    "name": "Fabien Potencier",
                    "email": "fabien@symfony.com"
                },
                {
                    "name": "Symfony Community",
                    "homepage": "https://symfony.com/contributors"
                }
            ],
            "description": "Symfony EventDispatcher Component",
            "homepage": "https://symfony.com",
            "time": "2016-01-27 05:14:19"
        }
    ],
    "packages-dev": [],
    "aliases": [],
    "minimum-stability": "stable",
    "stability-flags": [],
    "prefer-stable": false,
    "prefer-lowest": false,
    "platform": [],
    "platform-dev": []
}
